
Microsoft Visual Studio Solution File, Format Version 12.00
# Visual Studio Version 17
VisualStudioVersion = 17.5.33530.505
MinimumVisualStudioVersion = 10.0.40219.1
Project("{FAE04EC0-301F-11D3-BF4B-00C04F79EFBC}") = "Robbers_Shoot", "Robbers_Shoot.csproj", "{33FF3B7C-EB25-44A0-9DD6-661883C982CA}"
EndProject
Global
	GlobalSection(SolutionConfigurationPlatforms) = preSolution
		Debug|Any CPU = Debug|Any CPU
		Release|Any CPU = Release|Any CPU
	EndGlobalSection
	GlobalSection(ProjectConfigurationPlatforms) = postSolution
		{33FF3B7C-EB25-44A0-9DD6-661883C982CA}.Debug|Any CPU.ActiveCfg = Debug|Any CPU
		{33FF3B7C-EB25-44A0-9DD6-661883C982CA}.Debug|Any CPU.Build.0 = Debug|Any CPU
		{33FF3B7C-EB25-44A0-9DD6-661883C982CA}.Release|Any CPU.ActiveCfg = Release|Any CPU
		{33FF3B7C-EB25-44A0-9DD6-661883C982CA}.Release|Any CPU.Build.0 = Release|Any CPU
	EndGlobalSection
	GlobalSection(SolutionProperties) = preSolution
		HideSolutionNode = FALSE
	EndGlobalSection
	GlobalSection(ExtensibilityGlobals) = postSolution
		SolutionGuid = {33B227BF-5B0B-4E8C-90ED-749CB130724E}
	EndGlobalSection
EndGlobal
